
Microsoft Visual Studio Solution File, Format Version 11.00
# Visual Studio 2010
Project("{FAE04EC0-301F-11D3-BF4B-00C04F79EFBC}") = "Assembly-CSharp", "Assembly-CSharp.csproj", "{5559d4e6-d78b-f648-193f-564a3ef3aa56}"
EndProject
Project("{FAE04EC0-301F-11D3-BF4B-00C04F79EFBC}") = "Assembly-CSharp-Editor-firstpass", "Assembly-CSharp-Editor-firstpass.csproj", "{072fb5cf-35af-55f0-bbf8-1bbd1fd2b287}"
EndProject
Global
	GlobalSection(SolutionConfigurationPlatforms) = preSolution
		Debug|Any CPU = Debug|Any CPU
	EndGlobalSection
	GlobalSection(ProjectConfigurationPlatforms) = postSolution
		{5559d4e6-d78b-f648-193f-564a3ef3aa56}.Debug|Any CPU.ActiveCfg = Debug|Any CPU
		{5559d4e6-d78b-f648-193f-564a3ef3aa56}.Debug|Any CPU.Build.0 = Debug|Any CPU
		{072fb5cf-35af-55f0-bbf8-1bbd1fd2b287}.Debug|Any CPU.ActiveCfg = Debug|Any CPU
		{072fb5cf-35af-55f0-bbf8-1bbd1fd2b287}.Debug|Any CPU.Build.0 = Debug|Any CPU
	EndGlobalSection
	GlobalSection(SolutionProperties) = preSolution
		HideSolutionNode = FALSE
	EndGlobalSection
EndGlobal
